{
  "name": "LOVE-frontend",
  "lockfileVersion": 2,
  "requires": true,
  "packages": {
    "": {
      "dependencies": {
        "web-audio-recorder-js": "^0.0.2"
      }
    },
    "node_modules/web-audio-recorder-js": {
      "version": "0.0.2",
      "resolved": "https://registry.npmjs.org/web-audio-recorder-js/-/web-audio-recorder-js-0.0.2.tgz",
      "integrity": "sha512-FHSL303jCCqO3z66EEr+X7c7KYurdWBD/28pmXCA6lq3Uy+nSCWN83MR0qwmLsMY2SwPq6rVmnVfZhOI3eanwA=="
    }
  },
  "dependencies": {
    "web-audio-recorder-js": {
      "version": "0.0.2",
      "resolved": "https://registry.npmjs.org/web-audio-recorder-js/-/web-audio-recorder-js-0.0.2.tgz",
      "integrity": "sha512-FHSL303jCCqO3z66EEr+X7c7KYurdWBD/28pmXCA6lq3Uy+nSCWN83MR0qwmLsMY2SwPq6rVmnVfZhOI3eanwA=="
    }
  }
}
